
Microsoft Visual Studio Solution File, Format Version 12.00
# Visual Studio Version 17
VisualStudioVersion = 17.6.33815.320
MinimumVisualStudioVersion = 10.0.40219.1
Project("{FAE04EC0-301F-11D3-BF4B-00C04F79EFBC}") = "GeoFinderApi", "GeoFinderApi\GeoFinderApi.csproj", "{B9775239-480C-4D69-95C8-CA902287323D}"
EndProject
Global
	GlobalSection(SolutionConfigurationPlatforms) = preSolution
		Debug|Any CPU = Debug|Any CPU
		Release|Any CPU = Release|Any CPU
	EndGlobalSection
	GlobalSection(ProjectConfigurationPlatforms) = postSolution
		{B9775239-480C-4D69-95C8-CA902287323D}.Debug|Any CPU.ActiveCfg = Debug|Any CPU
		{B9775239-480C-4D69-95C8-CA902287323D}.Debug|Any CPU.Build.0 = Debug|Any CPU
		{B9775239-480C-4D69-95C8-CA902287323D}.Release|Any CPU.ActiveCfg = Release|Any CPU
		{B9775239-480C-4D69-95C8-CA902287323D}.Release|Any CPU.Build.0 = Release|Any CPU
	EndGlobalSection
	GlobalSection(SolutionProperties) = preSolution
		HideSolutionNode = FALSE
	EndGlobalSection
	GlobalSection(ExtensibilityGlobals) = postSolution
		SolutionGuid = {A99E3836-AC69-47DD-9720-6F01F3BF61CA}
	EndGlobalSection
EndGlobal
